
Microsoft Visual Studio Solution File, Format Version 12.00
# Visual Studio Version 17
VisualStudioVersion = 17.11.35312.102
MinimumVisualStudioVersion = 10.0.40219.1
Project("{8BC9CEB8-8B4A-11D0-8D11-00A0C91BC942}") = "Project1", "Project1\Project1.vcxproj", "{E6CA4481-4DC2-4B2C-B66A-00EE5AE7109B}"
EndProject
Global
	GlobalSection(SolutionConfigurationPlatforms) = preSolution
		Debug|x64 = Debug|x64
		Debug|x86 = Debug|x86
		Release|x64 = Release|x64
		Release|x86 = Release|x86
	EndGlobalSection
	GlobalSection(ProjectConfigurationPlatforms) = postSolution
		{E6CA4481-4DC2-4B2C-B66A-00EE5AE7109B}.Debug|x64.ActiveCfg = Debug|x64
		{E6CA4481-4DC2-4B2C-B66A-00EE5AE7109B}.Debug|x64.Build.0 = Debug|x64
		{E6CA4481-4DC2-4B2C-B66A-00EE5AE7109B}.Debug|x86.ActiveCfg = Debug|Win32
		{E6CA4481-4DC2-4B2C-B66A-00EE5AE7109B}.Debug|x86.Build.0 = Debug|Win32
		{E6CA4481-4DC2-4B2C-B66A-00EE5AE7109B}.Release|x64.ActiveCfg = Release|x64
		{E6CA4481-4DC2-4B2C-B66A-00EE5AE7109B}.Release|x64.Build.0 = Release|x64
		{E6CA4481-4DC2-4B2C-B66A-00EE5AE7109B}.Release|x86.ActiveCfg = Release|Win32
		{E6CA4481-4DC2-4B2C-B66A-00EE5AE7109B}.Release|x86.Build.0 = Release|Win32
	EndGlobalSection
	GlobalSection(SolutionProperties) = preSolution
		HideSolutionNode = FALSE
	EndGlobalSection
	GlobalSection(ExtensibilityGlobals) = postSolution
		SolutionGuid = {43F8172C-9ED6-48F7-A0E4-7A8CE2D5AA13}
	EndGlobalSection
EndGlobal
